<?xml version="1.0" encoding="utf-8"?>
<Project ToolsVersion="4.0" xmlns="http://schemas.microsoft.com/developer/msbuild/2003">
  <ItemGroup>
    <ClCompile Include="Weapon.cpp">
      <Filter>Source Files</Filter>
    </ClCompile>
    <ClCompile Include="Armour.cpp">
      <Filter>Source Files</Filter>
    </ClCompile>
    <ClCompile Include="Enemy.cpp">
      <Filter>Source Files</Filter>
    </ClCompile>
    <ClCompile Include="FileLoader.cpp">
      <Filter>Source Files</Filter>
    </ClCompile>
    <ClCompile Include="Game.cpp">
      <Filter>Source Files</Filter>
    </ClCompile>
    <ClCompile Include="GameData.cpp">
      <Filter>Source Files</Filter>
    </ClCompile>
    <ClCompile Include="Item.cpp">
      <Filter>Source Files</Filter>
    </ClCompile>
    <ClCompile Include="main.cpp">
      <Filter>Source Files</Filter>
    </ClCompile>
    <ClCompile Include="Player.cpp">
      <Filter>Source Files</Filter>
    </ClCompile>
    <ClCompile Include="Potion.cpp">
      <Filter>Source Files</Filter>
    </ClCompile>
    <ClCompile Include="Scroll.cpp">
      <Filter>Source Files</Filter>
    </ClCompile>
    <ClCompile Include="Tile.cpp">
      <Filter>Source Files</Filter>
    </ClCompile>
    <ClCompile Include="Grid.cpp">
      <Filter>Source Files</Filter>
    </ClCompile>
<<<<<<< HEAD
<<<<<<< HEAD
    <ClCompile Include="Globals.cpp">
      <Filter>Source Files</Filter>
    </ClCompile>
    <ClCompile Include="Gameplay.cpp">
      <Filter>Source Files</Filter>
    </ClCompile>
    <ClCompile Include="MainMenu.cpp">
      <Filter>Source Files</Filter>
    </ClCompile>
    <ClCompile Include="GameOver.cpp">
      <Filter>Source Files</Filter>
    </ClCompile>
    <ClCompile Include="Options.cpp">
      <Filter>Source Files</Filter>
    </ClCompile>
    <ClCompile Include="PauseMenu.cpp">
      <Filter>Source Files</Filter>
    </ClCompile>
=======
    <ClCompile Include="ItemFactory.cpp" />
>>>>>>> 141ff41 (Empty changes)
=======
    <ClCompile Include="AbstractItemFactory.cpp">
      <Filter>Source Files\Factories</Filter>
    </ClCompile>
    <ClCompile Include="WeaponFactory.cpp">
      <Filter>Source Files\Factories</Filter>
    </ClCompile>
    <ClCompile Include="AbstractWeapon.cpp">
      <Filter>Source Files\AbstractItems</Filter>
    </ClCompile>
    <ClCompile Include="AxeWeapon.cpp">
      <Filter>Source Files\Weapons</Filter>
    </ClCompile>
>>>>>>> 5b1d3c8 (Refactoring how items are generated)
  </ItemGroup>
  <ItemGroup>
    <ClInclude Include="Armour.h">
      <Filter>Header Files</Filter>
    </ClInclude>
    <ClInclude Include="Enemy.h">
      <Filter>Header Files</Filter>
    </ClInclude>
    <ClInclude Include="FileLoader.h">
      <Filter>Header Files</Filter>
    </ClInclude>
    <ClInclude Include="Game.h">
      <Filter>Header Files</Filter>
    </ClInclude>
    <ClInclude Include="GameData.h">
      <Filter>Header Files</Filter>
    </ClInclude>
    <ClInclude Include="Globals.h">
      <Filter>Header Files</Filter>
    </ClInclude>
    <ClInclude Include="Item.h">
      <Filter>Header Files</Filter>
    </ClInclude>
    <ClInclude Include="LevelLoader.h">
      <Filter>Header Files</Filter>
    </ClInclude>
    <ClInclude Include="Player.h">
      <Filter>Header Files</Filter>
    </ClInclude>
    <ClInclude Include="Potion.h">
      <Filter>Header Files</Filter>
    </ClInclude>
    <ClInclude Include="ResourceAllocator.h">
      <Filter>Header Files</Filter>
    </ClInclude>
    <ClInclude Include="Scroll.h">
      <Filter>Header Files</Filter>
    </ClInclude>
    <ClInclude Include="TextureManager.h">
      <Filter>Header Files</Filter>
    </ClInclude>
    <ClInclude Include="Tile.h">
      <Filter>Header Files</Filter>
    </ClInclude>
    <ClInclude Include="Weapon.h">
      <Filter>Header Files</Filter>
    </ClInclude>
    <ClInclude Include="Grid.h">
      <Filter>Header Files</Filter>
    </ClInclude>
<<<<<<< HEAD
<<<<<<< HEAD
    <ClInclude Include="Gameplay.h">
      <Filter>Header Files</Filter>
    </ClInclude>
    <ClInclude Include="MainMenu.h">
      <Filter>Header Files</Filter>
    </ClInclude>
    <ClInclude Include="PauseMenu.h">
      <Filter>Header Files</Filter>
    </ClInclude>
    <ClInclude Include="GameOver.h">
      <Filter>Header Files</Filter>
    </ClInclude>
    <ClInclude Include="Options.h">
      <Filter>Header Files</Filter>
    </ClInclude>
=======
    <ClInclude Include="ItemFactory.h" />
>>>>>>> 141ff41 (Empty changes)
=======
    <ClInclude Include="AbstractItemFactory.h">
      <Filter>Header Files\Factories</Filter>
    </ClInclude>
    <ClInclude Include="WeaponFactory.h">
      <Filter>Header Files\Factories</Filter>
    </ClInclude>
    <ClInclude Include="AbstractWeapon.h">
      <Filter>Header Files\AbstractItems</Filter>
    </ClInclude>
    <ClInclude Include="AxeWeapon.h">
      <Filter>Header Files\Weapons</Filter>
    </ClInclude>
>>>>>>> 5b1d3c8 (Refactoring how items are generated)
  </ItemGroup>
  <ItemGroup>
    <Filter Include="Resource Files">
      <UniqueIdentifier>{ee3d6718-80cb-4243-a63d-61e4b135be1e}</UniqueIdentifier>
    </Filter>
    <Filter Include="Source Files">
      <UniqueIdentifier>{1dfaac42-39a5-41b4-9a1e-d3da49158ae8}</UniqueIdentifier>
    </Filter>
    <Filter Include="Header Files">
      <UniqueIdentifier>{4f15b269-1ebb-4973-95bd-38de1390bbfa}</UniqueIdentifier>
    </Filter>
    <Filter Include="Header Files\Factories">
      <UniqueIdentifier>{942fd969-a2b8-4958-9d2d-0cc679138201}</UniqueIdentifier>
    </Filter>
    <Filter Include="Source Files\Factories">
      <UniqueIdentifier>{b770a9ad-aee2-4e25-a014-4e854b79a5c8}</UniqueIdentifier>
    </Filter>
    <Filter Include="Source Files\AbstractItems">
      <UniqueIdentifier>{50608498-73a6-445b-b7ea-eb4dadda7ca1}</UniqueIdentifier>
    </Filter>
    <Filter Include="Header Files\AbstractItems">
      <UniqueIdentifier>{189ef05f-cc46-4af9-9a5c-ab3611224306}</UniqueIdentifier>
    </Filter>
    <Filter Include="Source Files\Weapons">
      <UniqueIdentifier>{a5ac8cdb-ef06-41ce-aa1e-e09b13aa4176}</UniqueIdentifier>
    </Filter>
    <Filter Include="Header Files\Weapons">
      <UniqueIdentifier>{a4dffe71-f039-4a18-93d4-64078747fa5f}</UniqueIdentifier>
    </Filter>
  </ItemGroup>
  <ItemGroup>
    <Image Include="ASSETS\IMAGES\SFML-LOGO.png">
      <Filter>Resource Files</Filter>
    </Image>
  </ItemGroup>
</Project>